// !$*UTF8*$!
{
	archiveVersion = 1;
	classes = {
	};
	objectVersion = 46;
	objects = {

/* Begin PBXBuildFile section */
		3CB7A1921F34302400067E98 /* AppDelegate.swift in Sources */ = {isa = PBXBuildFile; fileRef = 3CB7A1911F34302400067E98 /* AppDelegate.swift */; };
		3CB7A1941F34302400067E98 /* ViewController.swift in Sources */ = {isa = PBXBuildFile; fileRef = 3CB7A1931F34302400067E98 /* ViewController.swift */; };
		3CB7A1971F34302400067E98 /* Main.storyboard in Resources */ = {isa = PBXBuildFile; fileRef = 3CB7A1951F34302400067E98 /* Main.storyboard */; };
		3CB7A1991F34302400067E98 /* Assets.xcassets in Resources */ = {isa = PBXBuildFile; fileRef = 3CB7A1981F34302400067E98 /* Assets.xcassets */; };
		3CB7A19C1F34302400067E98 /* LaunchScreen.storyboard in Resources */ = {isa = PBXBuildFile; fileRef = 3CB7A19A1F34302400067E98 /* LaunchScreen.storyboard */; };
		3CB7A1A71F34302400067E98 /* Fast_TrainTests.swift in Sources */ = {isa = PBXBuildFile; fileRef = 3CB7A1A61F34302400067E98 /* Fast_TrainTests.swift */; };
/* End PBXBuildFile section */

/* Begin PBXContainerItemProxy section */
		3CB7A1A31F34302400067E98 /* PBXContainerItemProxy */ = {
			isa = PBXContainerItemProxy;
			containerPortal = 3CB7A1861F34302400067E98 /* Project object */;
			proxyType = 1;
			remoteGlobalIDString = 3CB7A18D1F34302400067E98;
			remoteInfo = "Fast Train";
		};
/* End PBXContainerItemProxy section */

/* Begin PBXFileReference section */
		3CB7A18E1F34302400067E98 /* Fast Train.app */ = {isa = PBXFileReference; explicitFileType = wrapper.application; includeInIndex = 0; path = "Fast Train.app"; sourceTree = BUILT_PRODUCTS_DIR; };
		3CB7A1911F34302400067E98 /* AppDelegate.swift */ = {isa = PBXFileReference; lastKnownFileType = sourcecode.swift; path = AppDelegate.swift; sourceTree = "<group>"; };
		3CB7A1931F34302400067E98 /* ViewController.swift */ = {isa = PBXFileReference; lastKnownFileType = sourcecode.swift; path = ViewController.swift; sourceTree = "<group>"; };
		3CB7A1961F34302400067E98 /* Base */ = {isa = PBXFileReference; lastKnownFileType = file.storyboard; name = Base; path = Base.lproj/Main.storyboard; sourceTree = "<group>"; };
		3CB7A1981F34302400067E98 /* Assets.xcassets */ = {isa = PBXFileReference; lastKnownFileType = folder.assetcatalog; path = Assets.xcassets; sourceTree = "<group>"; };
		3CB7A19B1F34302400067E98 /* Base */ = {isa = PBXFileReference; lastKnownFileType = file.storyboard; name = Base; path = Base.lproj/LaunchScreen.storyboard; sourceTree = "<group>"; };
		3CB7A19D1F34302400067E98 /* Info.plist */ = {isa = PBXFileReference; lastKnownFileType = text.plist.xml; path = Info.plist; sourceTree = "<group>"; };
		3CB7A1A21F34302400067E98 /* Fast TrainTests.xctest */ = {isa = PBXFileReference; explicitFileType = wrapper.cfbundle; includeInIndex = 0; path = "Fast TrainTests.xctest"; sourceTree = BUILT_PRODUCTS_DIR; };
		3CB7A1A61F34302400067E98 /* Fast_TrainTests.swift */ = {isa = PBXFileReference; lastKnownFileType = sourcecode.swift; path = Fast_TrainTests.swift; sourceTree = "<group>"; };
		3CB7A1A81F34302400067E98 /* Info.plist */ = {isa = PBXFileReference; lastKnownFileType = text.plist.xml; path = Info.plist; sourceTree = "<group>"; };
/* End PBXFileReference section */

/* Begin PBXFrameworksBuildPhase section */
		3CB7A18B1F34302400067E98 /* Frameworks */ = {
			isa = PBXFrameworksBuildPhase;
			buildActionMask = 2147483647;
			files = (
			);
			runOnlyForDeploymentPostprocessing = 0;
		};
		3CB7A19F1F34302400067E98 /* Frameworks */ = {
			isa = PBXFrameworksBuildPhase;
			buildActionMask = 2147483647;
			files = (
			);
			runOnlyForDeploymentPostprocessing = 0;
		};
/* End PBXFrameworksBuildPhase section */

/* Begin PBXGroup section */
		3CB7A1851F34302400067E98 = {
			isa = PBXGroup;
			children = (
				3CB7A1901F34302400067E98 /* Fast Train */,
				3CB7A1A51F34302400067E98 /* Fast TrainTests */,
				3CB7A18F1F34302400067E98 /* Products */,
			);
			sourceTree = "<group>";
		};
		3CB7A18F1F34302400067E98 /* Products */ = {
			isa = PBXGroup;
			children = (
				3CB7A18E1F34302400067E98 /* Fast Train.app */,
				3CB7A1A21F34302400067E98 /* Fast TrainTests.xctest */,
			);
			name = Products;
			sourceTree = "<group>";
		};
		3CB7A1901F34302400067E98 /* Fast Train */ = {
			isa = PBXGroup;
			children = (
				3CB7A1911F34302400067E98 /* AppDelegate.swift */,
				3CB7A1931F34302400067E98 /* ViewController.swift */,
				3CB7A1951F34302400067E98 /* Main.storyboard */,
				3CB7A1981F34302400067E98 /* Assets.xcassets */,
				3CB7A19A1F34302400067E98 /* LaunchScreen.storyboard */,
				3CB7A19D1F34302400067E98 /* Info.plist */,
			);
			path = "Fast Train";
			sourceTree = "<group>";
		};
		3CB7A1A51F34302400067E98 /* Fast TrainTests */ = {
			isa = PBXGroup;
			children = (
				3CB7A1A61F34302400067E98 /* Fast_TrainTests.swift */,
				3CB7A1A81F34302400067E98 /* Info.plist */,
			);
			path = "Fast TrainTests";
			sourceTree = "<group>";
		};
/* End PBXGroup section */

/* Begin PBXNativeTarget section */
		3CB7A18D1F34302400067E98 /* Fast Train */ = {
			isa = PBXNativeTarget;
			buildConfigurationList = 3CB7A1AB1F34302400067E98 /* Build configuration list for PBXNativeTarget "Fast Train" */;
			buildPhases = (
				3CB7A18A1F34302400067E98 /* Sources */,
				3CB7A18B1F34302400067E98 /* Frameworks */,
				3CB7A18C1F34302400067E98 /* Resources */,
			);
			buildRules = (
			);
			dependencies = (
			);
			name = "Fast Train";
			productName = "Fast Train";
			productReference = 3CB7A18E1F34302400067E98 /* Fast Train.app */;
			productType = "com.apple.product-type.application";
		};
		3CB7A1A11F34302400067E98 /* Fast TrainTests */ = {
			isa = PBXNativeTarget;
			buildConfigurationList = 3CB7A1AE1F34302400067E98 /* Build configuration list for PBXNativeTarget "Fast TrainTests" */;
			buildPhases = (
				3CB7A19E1F34302400067E98 /* Sources */,
				3CB7A19F1F34302400067E98 /* Frameworks */,
				3CB7A1A01F34302400067E98 /* Resources */,
			);
			buildRules = (
			);
			dependencies = (
				3CB7A1A41F34302400067E98 /* PBXTargetDependency */,
			);
			name = "Fast TrainTests";
			productName = "Fast TrainTests";
			productReference = 3CB7A1A21F34302400067E98 /* Fast TrainTests.xctest */;
			productType = "com.apple.product-type.bundle.unit-test";
		};
/* End PBXNativeTarget section */

/* Begin PBXProject section */
		3CB7A1861F34302400067E98 /* Project object */ = {
			isa = PBXProject;
			attributes = {
				LastSwiftUpdateCheck = 0830;
				LastUpgradeCheck = 0830;
				ORGANIZATIONNAME = "Kankuro Kano";
				TargetAttributes = {
					3CB7A18D1F34302400067E98 = {
						CreatedOnToolsVersion = 8.3.3;
						DevelopmentTeam = DM499UEVU5;
						ProvisioningStyle = Automatic;
					};
					3CB7A1A11F34302400067E98 = {
						CreatedOnToolsVersion = 8.3.3;
						ProvisioningStyle = Automatic;
						TestTargetID = 3CB7A18D1F34302400067E98;
					};
				};
			};
			buildConfigurationList = 3CB7A1891F34302400067E98 /* Build configuration list for PBXProject "Fast Train" */;
			compatibilityVersion = "Xcode 3.2";
			developmentRegion = English;
			hasScannedForEncodings = 0;
			knownRegions = (
				en,
				Base,
			);
			mainGroup = 3CB7A1851F34302400067E98;
			productRefGroup = 3CB7A18F1F34302400067E98 /* Products */;
			projectDirPath = "";
			projectRoot = "";
			targets = (
				3CB7A18D1F34302400067E98 /* Fast Train */,
				3CB7A1A11F34302400067E98 /* Fast TrainTests */,
			);
		};
/* End PBXProject section */

/* Begin PBXResourcesBuildPhase section */
		3CB7A18C1F34302400067E98 /* Resources */ = {
			isa = PBXResourcesBuildPhase;
			buildActionMask = 2147483647;
			files = (
				3CB7A19C1F34302400067E98 /* LaunchScreen.storyboard in Resources */,
				3CB7A1991F34302400067E98 /* Assets.xcassets in Resources */,
				3CB7A1971F34302400067E98 /* Main.storyboard in Resources */,
			);
			runOnlyForDeploymentPostprocessing = 0;
		};
		3CB7A1A01F34302400067E98 /* Resources */ = {
			isa = PBXResourcesBuildPhase;
			buildActionMask = 2147483647;
			files = (
			);
			runOnlyForDeploymentPostprocessing = 0;
		};
/* End PBXResourcesBuildPhase section */

/* Begin PBXSourcesBuildPhase section */
		3CB7A18A1F34302400067E98 /* Sources */ = {
			isa = PBXSourcesBuildPhase;
			buildActionMask = 2147483647;
			files = (
				3CB7A1941F34302400067E98 /* ViewController.swift in Sources */,
				3CB7A1921F34302400067E98 /* AppDelegate.swift in Sources */,
			);
			runOnlyForDeploymentPostprocessing = 0;
		};
		3CB7A19E1F34302400067E98 /* Sources */ = {
			isa = PBXSourcesBuildPhase;
			buildActionMask = 2147483647;
			files = (
				3CB7A1A71F34302400067E98 /* Fast_TrainTests.swift in Sources */,
			);
			runOnlyForDeploymentPostprocessing = 0;
		};
/* End PBXSourcesBuildPhase section */

/* Begin PBXTargetDependency section */
		3CB7A1A41F34302400067E98 /* PBXTargetDependency */ = {
			isa = PBXTargetDependency;
			target = 3CB7A18D1F34302400067E98 /* Fast Train */;
			targetProxy = 3CB7A1A31F34302400067E98 /* PBXContainerItemProxy */;
		};
/* End PBXTargetDependency section */

/* Begin PBXVariantGroup section */
		3CB7A1951F34302400067E98 /* Main.storyboard */ = {
			isa = PBXVariantGroup;
			children = (
				3CB7A1961F34302400067E98 /* Base */,
			);
			name = Main.storyboard;
			sourceTree = "<group>";
		};
		3CB7A19A1F34302400067E98 /* LaunchScreen.storyboard */ = {
			isa = PBXVariantGroup;
			children = (
				3CB7A19B1F34302400067E98 /* Base */,
			);
			name = LaunchScreen.storyboard;
			sourceTree = "<group>";
		};
/* End PBXVariantGroup section */

/* Begin XCBuildConfiguration section */
		3CB7A1A91F34302400067E98 /* Debug */ = {
			isa = XCBuildConfiguration;
			buildSettings = {
				ALWAYS_SEARCH_USER_PATHS = NO;
				CLANG_ANALYZER_NONNULL = YES;
				CLANG_ANALYZER_NUMBER_OBJECT_CONVERSION = YES_AGGRESSIVE;
				CLANG_CXX_LANGUAGE_STANDARD = "gnu++0x";
				CLANG_CXX_LIBRARY = "libc++";
				CLANG_ENABLE_MODULES = YES;
				CLANG_ENABLE_OBJC_ARC = YES;
				CLANG_WARN_BOOL_CONVERSION = YES;
				CLANG_WARN_CONSTANT_CONVERSION = YES;
				CLANG_WARN_DIRECT_OBJC_ISA_USAGE = YES_ERROR;
				CLANG_WARN_DOCUMENTATION_COMMENTS = YES;
				CLANG_WARN_EMPTY_BODY = YES;
				CLANG_WARN_ENUM_CONVERSION = YES;
				CLANG_WARN_INFINITE_RECURSION = YES;
				CLANG_WARN_INT_CONVERSION = YES;
				CLANG_WARN_OBJC_ROOT_CLASS = YES_ERROR;
				CLANG_WARN_SUSPICIOUS_MOVE = YES;
				CLANG_WARN_UNREACHABLE_CODE = YES;
				CLANG_WARN__DUPLICATE_METHOD_MATCH = YES;
				"CODE_SIGN_IDENTITY[sdk=iphoneos*]" = "iPhone Developer";
				COPY_PHASE_STRIP = NO;
				DEBUG_INFORMATION_FORMAT = dwarf;
				ENABLE_STRICT_OBJC_MSGSEND = YES;
				ENABLE_TESTABILITY = YES;
				GCC_C_LANGUAGE_STANDARD = gnu99;
				GCC_DYNAMIC_NO_PIC = NO;
				GCC_NO_COMMON_BLOCKS = YES;
				GCC_OPTIMIZATION_LEVEL = 0;
				GCC_PREPROCESSOR_DEFINITIONS = (
					"DEBUG=1",
					"$(inherited)",
				);
				GCC_WARN_64_TO_32_BIT_CONVERSION = YES;
				GCC_WARN_ABOUT_RETURN_TYPE = YES_ERROR;
				GCC_WARN_UNDECLARED_SELECTOR = YES;
				GCC_WARN_UNINITIALIZED_AUTOS = YES_AGGRESSIVE;
				GCC_WARN_UNUSED_FUNCTION = YES;
				GCC_WARN_UNUSED_VARIABLE = YES;
				IPHONEOS_DEPLOYMENT_TARGET = 10.3;
				MTL_ENABLE_DEBUG_INFO = YES;
				ONLY_ACTIVE_ARCH = YES;
				SDKROOT = iphoneos;
				SWIFT_ACTIVE_COMPILATION_CONDITIONS = DEBUG;
				SWIFT_OPTIMIZATION_LEVEL = "-Onone";
				TARGETED_DEVICE_FAMILY = "1,2";
			};
			name = Debug;
		};
		3CB7A1AA1F34302400067E98 /* Release */ = {
			isa = XCBuildConfiguration;
			buildSettings = {
				ALWAYS_SEARCH_USER_PATHS = NO;
				CLANG_ANALYZER_NONNULL = YES;
				CLANG_ANALYZER_NUMBER_OBJECT_CONVERSION = YES_AGGRESSIVE;
				CLANG_CXX_LANGUAGE_STANDARD = "gnu++0x";
				CLANG_CXX_LIBRARY = "libc++";
				CLANG_ENABLE_MODULES = YES;
				CLANG_ENABLE_OBJC_ARC = YES;
				CLANG_WARN_BOOL_CONVERSION = YES;
				CLANG_WARN_CONSTANT_CONVERSION = YES;
				CLANG_WARN_DIRECT_OBJC_ISA_USAGE = YES_ERROR;
				CLANG_WARN_DOCUMENTATION_COMMENTS = YES;
				CLANG_WARN_EMPTY_BODY = YES;
				CLANG_WARN_ENUM_CONVERSION = YES;
				CLANG_WARN_INFINITE_RECURSION = YES;
				CLANG_WARN_INT_CONVERSION = YES;
				CLANG_WARN_OBJC_ROOT_CLASS = YES_ERROR;
				CLANG_WARN_SUSPICIOUS_MOVE = YES;
				CLANG_WARN_UNREACHABLE_CODE = YES;
				CLANG_WARN__DUPLICATE_METHOD_MATCH = YES;
				"CODE_SIGN_IDENTITY[sdk=iphoneos*]" = "iPhone Developer";
				COPY_PHASE_STRIP = NO;
				DEBUG_INFORMATION_FORMAT = "dwarf-with-dsym";
				ENABLE_NS_ASSERTIONS = NO;
				ENABLE_STRICT_OBJC_MSGSEND = YES;
				GCC_C_LANGUAGE_STANDARD = gnu99;
				GCC_NO_COMMON_BLOCKS = YES;
				GCC_WARN_64_TO_32_BIT_CONVERSION = YES;
				GCC_WARN_ABOUT_RETURN_TYPE = YES_ERROR;
				GCC_WARN_UNDECLARED_SELECTOR = YES;
				GCC_WARN_UNINITIALIZED_AUTOS = YES_AGGRESSIVE;
				GCC_WARN_UNUSED_FUNCTION = YES;
				GCC_WARN_UNUSED_VARIABLE = YES;
				IPHONEOS_DEPLOYMENT_TARGET = 10.3;
				MTL_ENABLE_DEBUG_INFO = NO;
				SDKROOT = iphoneos;
				SWIFT_OPTIMIZATION_LEVEL = "-Owholemodule";
				TARGETED_DEVICE_FAMILY = "1,2";
				VALIDATE_PRODUCT = YES;
			};
			name = Release;
		};
		3CB7A1AC1F34302400067E98 /* Debug */ = {
			isa = XCBuildConfiguration;
			buildSettings = {
				ASSETCATALOG_COMPILER_APPICON_NAME = AppIcon;
				DEVELOPMENT_TEAM = DM499UEVU5;
				INFOPLIST_FILE = "Fast Train/Info.plist";
				LD_RUNPATH_SEARCH_PATHS = "$(inherited) @executable_path/Frameworks";
				PRODUCT_BUNDLE_IDENTIFIER = "com.kan96.kano.com.Fast-Train";
				PRODUCT_NAME = "$(TARGET_NAME)";
				SWIFT_VERSION = 3.0;
			};
			name = Debug;
		};
		3CB7A1AD1F34302400067E98 /* Release */ = {
			isa = XCBuildConfiguration;
			buildSettings = {
				ASSETCATALOG_COMPILER_APPICON_NAME = AppIcon;
				DEVELOPMENT_TEAM = DM499UEVU5;
				INFOPLIST_FILE = "Fast Train/Info.plist";
				LD_RUNPATH_SEARCH_PATHS = "$(inherited) @executable_path/Frameworks";
				PRODUCT_BUNDLE_IDENTIFIER = "com.kan96.kano.com.Fast-Train";
				PRODUCT_NAME = "$(TARGET_NAME)";
				SWIFT_VERSION = 3.0;
			};
			name = Release;
		};
		3CB7A1AF1F34302400067E98 /* Debug */ = {
			isa = XCBuildConfiguration;
			buildSettings = {
				ALWAYS_EMBED_SWIFT_STANDARD_LIBRARIES = YES;
				BUNDLE_LOADER = "$(TEST_HOST)";
				INFOPLIST_FILE = "Fast TrainTests/Info.plist";
				LD_RUNPATH_SEARCH_PATHS = "$(inherited) @executable_path/Frameworks @loader_path/Frameworks";
				PRODUCT_BUNDLE_IDENTIFIER = "com.kan96.kano.com.Fast-TrainTests";
				PRODUCT_NAME = "$(TARGET_NAME)";
				SWIFT_VERSION = 3.0;
				TEST_HOST = "$(BUILT_PRODUCTS_DIR)/Fast Train.app/Fast Train";
			};
			name = Debug;
		};
		3CB7A1B01F34302400067E98 /* Release */ = {
			isa = XCBuildConfiguration;
			buildSettings = {
				ALWAYS_EMBED_SWIFT_STANDARD_LIBRARIES = YES;
				BUNDLE_LOADER = "$(TEST_HOST)";
				INFOPLIST_FILE = "Fast TrainTests/Info.plist";
				LD_RUNPATH_SEARCH_PATHS = "$(inherited) @executable_path/Frameworks @loader_path/Frameworks";
				PRODUCT_BUNDLE_IDENTIFIER = "com.kan96.kano.com.Fast-TrainTests";
				PRODUCT_NAME = "$(TARGET_NAME)";
				SWIFT_VERSION = 3.0;
				TEST_HOST = "$(BUILT_PRODUCTS_DIR)/Fast Train.app/Fast Train";
			};
			name = Release;
		};
/* End XCBuildConfiguration section */

/* Begin XCConfigurationList section */
		3CB7A1891F34302400067E98 /* Build configuration list for PBXProject "Fast Train" */ = {
			isa = XCConfigurationList;
			buildConfigurations = (
				3CB7A1A91F34302400067E98 /* Debug */,
				3CB7A1AA1F34302400067E98 /* Release */,
			);
			defaultConfigurationIsVisible = 0;
			defaultConfigurationName = Release;
		};
		3CB7A1AB1F34302400067E98 /* Build configuration list for PBXNativeTarget "Fast Train" */ = {
			isa = XCConfigurationList;
			buildConfigurations = (
				3CB7A1AC1F34302400067E98 /* Debug */,
				3CB7A1AD1F34302400067E98 /* Release */,
			);
			defaultConfigurationIsVisible = 0;
		};
		3CB7A1AE1F34302400067E98 /* Build configuration list for PBXNativeTarget "Fast TrainTests" */ = {
			isa = XCConfigurationList;
			buildConfigurations = (
				3CB7A1AF1F34302400067E98 /* Debug */,
				3CB7A1B01F34302400067E98 /* Release */,
			);
			defaultConfigurationIsVisible = 0;
		};
/* End XCConfigurationList section */
	};
	rootObject = 3CB7A1861F34302400067E98 /* Project object */;
}
